
Microsoft Visual Studio Solution File, Format Version 11.00
# Visual Studio 2010
Project("{8BC9CEB8-8B4A-11D0-8D11-00A0C91BC942}") = "Wolf4SDL", "Wolf4SDL.VC9.vcxproj", "{411B026A-F58B-4E25-840B-4FE67710F762}"
EndProject
Global
	GlobalSection(SolutionConfigurationPlatforms) = preSolution
		Debug|Win32 = Debug|Win32
		Release|Win32 = Release|Win32
		release-sod|Win32 = release-sod|Win32
		release-soddemo|Win32 = release-soddemo|Win32
		release-sod-ep2|Win32 = release-sod-ep2|Win32
		release-sod-ep3|Win32 = release-sod-ep3|Win32
		release-v10demo|Win32 = release-v10demo|Win32
		release-v11-apogee|Win32 = release-v11-apogee|Win32
		release-v11demo|Win32 = release-v11demo|Win32
		release-v12demo|Win32 = release-v12demo|Win32
		release-v14-activision|Win32 = release-v14-activision|Win32
		release-v14-apogee|Win32 = release-v14-apogee|Win32
		release-v14demo|Win32 = release-v14demo|Win32
		release-v14-imagineer|Win32 = release-v14-imagineer|Win32
	EndGlobalSection
	GlobalSection(ProjectConfigurationPlatforms) = postSolution
		{411B026A-F58B-4E25-840B-4FE67710F762}.Debug|Win32.ActiveCfg = Debug|Win32
		{411B026A-F58B-4E25-840B-4FE67710F762}.Debug|Win32.Build.0 = Debug|Win32
		{411B026A-F58B-4E25-840B-4FE67710F762}.Release|Win32.ActiveCfg = Release|Win32
		{411B026A-F58B-4E25-840B-4FE67710F762}.Release|Win32.Build.0 = Release|Win32
		{411B026A-F58B-4E25-840B-4FE67710F762}.release-sod|Win32.ActiveCfg = release-sod|Win32
		{411B026A-F58B-4E25-840B-4FE67710F762}.release-sod|Win32.Build.0 = release-sod|Win32
		{411B026A-F58B-4E25-840B-4FE67710F762}.release-soddemo|Win32.ActiveCfg = release-soddemo|Win32
		{411B026A-F58B-4E25-840B-4FE67710F762}.release-soddemo|Win32.Build.0 = release-soddemo|Win32
		{411B026A-F58B-4E25-840B-4FE67710F762}.release-sod-ep2|Win32.ActiveCfg = release-sod-ep2|Win32
		{411B026A-F58B-4E25-840B-4FE67710F762}.release-sod-ep2|Win32.Build.0 = release-sod-ep2|Win32
		{411B026A-F58B-4E25-840B-4FE67710F762}.release-sod-ep3|Win32.ActiveCfg = release-sod-ep3|Win32
		{411B026A-F58B-4E25-840B-4FE67710F762}.release-sod-ep3|Win32.Build.0 = release-sod-ep3|Win32
		{411B026A-F58B-4E25-840B-4FE67710F762}.release-v10demo|Win32.ActiveCfg = release-v10demo|Win32
		{411B026A-F58B-4E25-840B-4FE67710F762}.release-v10demo|Win32.Build.0 = release-v10demo|Win32
		{411B026A-F58B-4E25-840B-4FE67710F762}.release-v11-apogee|Win32.ActiveCfg = release-v11-apogee|Win32
		{411B026A-F58B-4E25-840B-4FE67710F762}.release-v11-apogee|Win32.Build.0 = release-v11-apogee|Win32
		{411B026A-F58B-4E25-840B-4FE67710F762}.release-v11demo|Win32.ActiveCfg = release-v11demo|Win32
		{411B026A-F58B-4E25-840B-4FE67710F762}.release-v11demo|Win32.Build.0 = release-v11demo|Win32
		{411B026A-F58B-4E25-840B-4FE67710F762}.release-v12demo|Win32.ActiveCfg = release-v12demo|Win32
		{411B026A-F58B-4E25-840B-4FE67710F762}.release-v12demo|Win32.Build.0 = release-v12demo|Win32
		{411B026A-F58B-4E25-840B-4FE67710F762}.release-v14-activision|Win32.ActiveCfg = release-v14-activision|Win32
		{411B026A-F58B-4E25-840B-4FE67710F762}.release-v14-activision|Win32.Build.0 = release-v14-activision|Win32
		{411B026A-F58B-4E25-840B-4FE67710F762}.release-v14-apogee|Win32.ActiveCfg = release-v14-apogee|Win32
		{411B026A-F58B-4E25-840B-4FE67710F762}.release-v14-apogee|Win32.Build.0 = release-v14-apogee|Win32
		{411B026A-F58B-4E25-840B-4FE67710F762}.release-v14demo|Win32.ActiveCfg = release-v14demo|Win32
		{411B026A-F58B-4E25-840B-4FE67710F762}.release-v14demo|Win32.Build.0 = release-v14demo|Win32
		{411B026A-F58B-4E25-840B-4FE67710F762}.release-v14-imagineer|Win32.ActiveCfg = release-v14-imagineer|Win32
		{411B026A-F58B-4E25-840B-4FE67710F762}.release-v14-imagineer|Win32.Build.0 = release-v14-imagineer|Win32
	EndGlobalSection
	GlobalSection(SolutionProperties) = preSolution
		HideSolutionNode = FALSE
	EndGlobalSection
EndGlobal
